
Microsoft Visual Studio Solution File, Format Version 12.00
# Visual Studio Version 17
VisualStudioVersion = 17.14.36518.9
MinimumVisualStudioVersion = 10.0.40219.1
Project("{FAE04EC0-301F-11D3-BF4B-00C04F79EFBC}") = "LoFac", "LoFac\LoFac.csproj", "{27A53104-43D5-4886-AEBB-100E6661F90C}"
EndProject
Project("{2150E333-8FDC-42A3-9474-1A3956D46DE8}") = "Scripts", "Scripts", "{02EA681E-C7D8-13C7-8484-4AC65E1B71E8}"
EndProject
Project("{2150E333-8FDC-42A3-9474-1A3956D46DE8}") = "SuperCommit", "SuperCommit", "{0C0D24CB-E5C0-42A4-AE7B-2669C584A1A1}"
	ProjectSection(SolutionItems) = preProject
		scripts\supercommit\index.js = scripts\supercommit\index.js
		scripts\supercommit\logTempo.js = scripts\supercommit\logTempo.js
		scripts\supercommit\parse.js = scripts\supercommit\parse.js
		scripts\supercommit\parse.test.js = scripts\supercommit\parse.test.js
		scripts\supercommit\printEnv.js = scripts\supercommit\printEnv.js
		scripts\supercommit\updateJira.js = scripts\supercommit\updateJira.js
	EndProjectSection
EndProject
Global
	GlobalSection(SolutionConfigurationPlatforms) = preSolution
		Debug|Any CPU = Debug|Any CPU
		Release|Any CPU = Release|Any CPU
	EndGlobalSection
	GlobalSection(ProjectConfigurationPlatforms) = postSolution
		{27A53104-43D5-4886-AEBB-100E6661F90C}.Debug|Any CPU.ActiveCfg = Debug|Any CPU
		{27A53104-43D5-4886-AEBB-100E6661F90C}.Debug|Any CPU.Build.0 = Debug|Any CPU
		{27A53104-43D5-4886-AEBB-100E6661F90C}.Release|Any CPU.ActiveCfg = Release|Any CPU
		{27A53104-43D5-4886-AEBB-100E6661F90C}.Release|Any CPU.Build.0 = Release|Any CPU
	EndGlobalSection
	GlobalSection(SolutionProperties) = preSolution
		HideSolutionNode = FALSE
	EndGlobalSection
	GlobalSection(NestedProjects) = preSolution
		{0C0D24CB-E5C0-42A4-AE7B-2669C584A1A1} = {02EA681E-C7D8-13C7-8484-4AC65E1B71E8}
	EndGlobalSection
	GlobalSection(ExtensibilityGlobals) = postSolution
		SolutionGuid = {1E4DFBC1-E985-4EC0-A84F-8324973D2E75}
	EndGlobalSection
EndGlobal
